{
    "_readme": [
        "This file locks the dependencies of your project to a known state",
        "Read more about it at http://getcomposer.org/doc/01-basic-usage.md#composer-lock-the-lock-file"
    ],
    "hash": "c282ad4a3146fdf20670d54ad6d3c2bd",
    "packages": [
        {
            "name": "mibe/feedwriter",
            "version": "dev-multiple-enclosures",
            "source": {
                "type": "git",
                "url": "https://github.com/bfontaine/FeedWriter.git",
                "reference": "4ce86fb958bf77c3a8bc08bd6ee35bac46ba8330"
            },
            "dist": {
                "type": "zip",
                "url": "https://api.github.com/repos/bfontaine/FeedWriter/zipball/4ce86fb958bf77c3a8bc08bd6ee35bac46ba8330",
                "reference": "4ce86fb958bf77c3a8bc08bd6ee35bac46ba8330",
                "shasum": ""
            },
            "type": "library",
            "autoload": {
                "classmap": [
                    "ATOM.php",
                    "Feed.php",
                    "Item.php",
                    "RSS1.php",
                    "RSS2.php"
                ]
            },
            "license": [
                "GPL-3.0"
            ],
            "authors": [
                {
                    "name": "Anis uddin Ahmad"
                },
                {
                    "name": "Michael Bemmerl",
                    "email": "mail@mx-server.de"
                },
                {
                    "name": "Phil Freo"
                },
                {
                    "name": "Paul Ferrett"
                },
                {
                    "name": "Brennen Bearnes"
                },
                {
                    "name": "Michael Robinson",
                    "email": "mike@pagesofinterest.net"
                }
            ],
            "description": "Generate feeds in either RSS 1.0, RSS 2.0 or ATOM formats",
            "homepage": "https://github.com/mibe/FeedWriter",
            "keywords": [
                "RSS"
            ],
            "support": {
                "source": "https://github.com/bfontaine/FeedWriter/tree/multiple-enclosures"
            },
            "time": "2013-07-16 20:50:55"
        },
        {
            "name": "twig/twig",
            "version": "v1.9.0",
            "source": {
                "type": "git",
                "url": "git://github.com/fabpot/Twig.git",
                "reference": "v1.9.0"
            },
            "dist": {
                "type": "zip",
                "url": "https://github.com/fabpot/Twig/zipball/v1.9.0",
                "reference": "v1.9.0",
                "shasum": ""
            },
            "require": {
                "php": ">=5.2.4"
            },
            "type": "library",
            "extra": {
                "branch-alias": {
                    "dev-master": "1.9-dev"
                }
            },
            "autoload": {
                "psr-0": {
                    "Twig_": "lib/"
                }
            },
            "notification-url": "https://packagist.org/downloads/",
            "license": [
                "BSD-3"
            ],
            "authors": [
                {
                    "name": "Fabien Potencier",
                    "email": "fabien@symfony.com"
                },
                {
                    "name": "Armin Ronacher",
                    "email": "armin.ronacher@active-4.com"
                }
            ],
            "description": "Twig, the flexible, fast, and secure template language for PHP",
            "homepage": "http://twig.sensiolabs.org",
            "keywords": [
                "templating"
            ],
            "time": "2012-07-13 09:26:34"
        }
    ],
    "packages-dev": [

    ],
    "aliases": [

    ],
    "minimum-stability": "stable",
    "stability-flags": {
        "mibe/feedwriter": 20
    },
    "platform": [

    ],
    "platform-dev": [

    ]
}
